
Microsoft Visual Studio Solution File, Format Version 12.00
# Visual Studio Version 16
VisualStudioVersion = 16.0.30517.126
MinimumVisualStudioVersion = 10.0.40219.1
Project("{FAE04EC0-301F-11D3-BF4B-00C04F79EFBC}") = "Ifstatements", "Ifstatements\Ifstatements.csproj", "{9C0CE3CA-A0CA-4896-B873-87B457156C53}"
EndProject
Project("{FAE04EC0-301F-11D3-BF4B-00C04F79EFBC}") = "PermanentDrivingLicense", "..\PermanentDrivingLicense\PermanentDrivingLicense.csproj", "{7ABD77E8-9AF0-4098-BD37-531600853450}"
EndProject
Project("{FAE04EC0-301F-11D3-BF4B-00C04F79EFBC}") = "PositiveNegative", "..\PositiveNegative\PositiveNegative.csproj", "{2F8E91AD-1F9B-47DD-8AF4-A325AE40FD8B}"
EndProject
Project("{FAE04EC0-301F-11D3-BF4B-00C04F79EFBC}") = "PersonalityTest", "..\PersonalityTest\PersonalityTest.csproj", "{8AD6D0E1-6ACF-4F97-A3A9-993498FB8489}"
EndProject
Global
	GlobalSection(SolutionConfigurationPlatforms) = preSolution
		Debug|Any CPU = Debug|Any CPU
		Release|Any CPU = Release|Any CPU
	EndGlobalSection
	GlobalSection(ProjectConfigurationPlatforms) = postSolution
		{9C0CE3CA-A0CA-4896-B873-87B457156C53}.Debug|Any CPU.ActiveCfg = Debug|Any CPU
		{9C0CE3CA-A0CA-4896-B873-87B457156C53}.Debug|Any CPU.Build.0 = Debug|Any CPU
		{9C0CE3CA-A0CA-4896-B873-87B457156C53}.Release|Any CPU.ActiveCfg = Release|Any CPU
		{9C0CE3CA-A0CA-4896-B873-87B457156C53}.Release|Any CPU.Build.0 = Release|Any CPU
		{7ABD77E8-9AF0-4098-BD37-531600853450}.Debug|Any CPU.ActiveCfg = Debug|Any CPU
		{7ABD77E8-9AF0-4098-BD37-531600853450}.Debug|Any CPU.Build.0 = Debug|Any CPU
		{7ABD77E8-9AF0-4098-BD37-531600853450}.Release|Any CPU.ActiveCfg = Release|Any CPU
		{7ABD77E8-9AF0-4098-BD37-531600853450}.Release|Any CPU.Build.0 = Release|Any CPU
		{2F8E91AD-1F9B-47DD-8AF4-A325AE40FD8B}.Debug|Any CPU.ActiveCfg = Debug|Any CPU
		{2F8E91AD-1F9B-47DD-8AF4-A325AE40FD8B}.Debug|Any CPU.Build.0 = Debug|Any CPU
		{2F8E91AD-1F9B-47DD-8AF4-A325AE40FD8B}.Release|Any CPU.ActiveCfg = Release|Any CPU
		{2F8E91AD-1F9B-47DD-8AF4-A325AE40FD8B}.Release|Any CPU.Build.0 = Release|Any CPU
		{8AD6D0E1-6ACF-4F97-A3A9-993498FB8489}.Debug|Any CPU.ActiveCfg = Debug|Any CPU
		{8AD6D0E1-6ACF-4F97-A3A9-993498FB8489}.Debug|Any CPU.Build.0 = Debug|Any CPU
		{8AD6D0E1-6ACF-4F97-A3A9-993498FB8489}.Release|Any CPU.ActiveCfg = Release|Any CPU
		{8AD6D0E1-6ACF-4F97-A3A9-993498FB8489}.Release|Any CPU.Build.0 = Release|Any CPU
	EndGlobalSection
	GlobalSection(SolutionProperties) = preSolution
		HideSolutionNode = FALSE
	EndGlobalSection
	GlobalSection(ExtensibilityGlobals) = postSolution
		SolutionGuid = {87CDAD54-895E-48B1-AD86-B8A96B475729}
	EndGlobalSection
EndGlobal
